
Microsoft Visual Studio Solution File, Format Version 12.00
# Visual Studio 2012
Project("{F184B08F-C81C-45F6-A57F-5ABD9991F28F}") = "AX00Types", "AX00Types\AX00Types.vbproj", "{3B617EBF-0488-46BD-AB56-094F81D0E4C3}"
EndProject
Project("{F184B08F-C81C-45F6-A57F-5ABD9991F28F}") = "Global", "Global\Global\Global.vbproj", "{5D65020C-C2D7-4AC3-B557-223FC290E526}"
EndProject
Project("{F184B08F-C81C-45F6-A57F-5ABD9991F28F}") = "BSControls", "bax00framework\Controls\UserControls\BSControl_Library\BSControls.vbproj", "{24D4D868-1885-4710-A105-9095FE79A2FB}"
EndProject
Project("{FAE04EC0-301F-11D3-BF4B-00C04F79EFBC}") = "BSCSharpControls", "bax00framework\Controls\UserControls\BSCSharpControls\BSCSharpControls.csproj", "{D205362A-E6D6-4904-B146-8427E2BFD146}"
EndProject
Project("{F184B08F-C81C-45F6-A57F-5ABD9991F28F}") = "DataAccessLayer", "DataAccessLayer\DataAccessLayer.vbproj", "{51863CF3-A3E9-4E41-8924-C69704796FB9}"
EndProject
Project("{F184B08F-C81C-45F6-A57F-5ABD9991F28F}") = "Framework", "BussinessLayer\Framework\Framework.vbproj", "{806A1F2F-07C1-43D2-AF67-59ACCF4B5754}"
EndProject
Project("{F184B08F-C81C-45F6-A57F-5ABD9991F28F}") = "ConfigurationSetup", "BussinessLayer\ConfigurationSetup\ConfigurationSetup.vbproj", "{BC01C1BD-2A93-4002-B74F-7BCF9793309D}"
EndProject
Project("{F184B08F-C81C-45F6-A57F-5ABD9991F28F}") = "ParametersPrograming", "ParameterPrograming\ParametersPrograming.vbproj", "{3AAF43D5-55D8-4A0B-9FD3-E8841008E13E}"
EndProject
Project("{F184B08F-C81C-45F6-A57F-5ABD9991F28F}") = "WorkSession", "WorkSession\WorkSession.vbproj", "{A883608A-3D41-4339-9C2F-FEEA18BEFB68}"
EndProject
Project("{F184B08F-C81C-45F6-A57F-5ABD9991F28F}") = "UpdateVersion", "UpdateVersion\UpdateVersion.vbproj", "{052CF005-D448-4768-A25A-48FF53644469}"
EndProject
Project("{F184B08F-C81C-45F6-A57F-5ABD9991F28F}") = "Calculations", "Calculations\Calculations.vbproj", "{053CFFD3-17B1-4A95-AF8C-FF4B6DE08809}"
EndProject
Project("{F184B08F-C81C-45F6-A57F-5ABD9991F28F}") = "Analyzer", "Analyzer\Analyzer.vbproj", "{BD816D19-6903-4603-8A75-A14C099D4EB2}"
EndProject
Project("{F184B08F-C81C-45F6-A57F-5ABD9991F28F}") = "FwScriptsManagement", "FwScriptsManagement\FwScriptsManagement.vbproj", "{0E1F721F-3002-4FAB-9300-3DB5B11A4002}"
EndProject
Project("{F184B08F-C81C-45F6-A57F-5ABD9991F28F}") = "PresentationCOM", "PresentationCOM\PresentationCOM.vbproj", "{A139D1D6-0C60-4DA2-B073-E73E2F2893D8}"
EndProject
Project("{F184B08F-C81C-45F6-A57F-5ABD9991F28F}") = "PresentationSRV", "PresentationSRV\PresentationSRV.vbproj", "{9020DEA1-7692-4CC7-9BE8-A1CF129CD1C2}"
EndProject
Project("{F184B08F-C81C-45F6-A57F-5ABD9991F28F}") = "PresentationUSR", "PresentationUSR\PresentationUSR.vbproj", "{64905D6A-E7B9-4798-AD76-2A0BC58A9AF6}"
EndProject
Project("{F184B08F-C81C-45F6-A57F-5ABD9991F28F}") = "InfoAnalyzer", "InfoAnalyzer\InfoAnalyzer.vbproj", "{6471EE6C-C00C-4DB6-881C-BFCA99ABA928}"
EndProject
Project("{F184B08F-C81C-45F6-A57F-5ABD9991F28F}") = "History", "History\History.vbproj", "{2F6892A0-72D7-45F6-B429-61DBAD015128}"
EndProject
Project("{F184B08F-C81C-45F6-A57F-5ABD9991F28F}") = "BAx00Setup", "BAx00Setup\BAx00Setup.vbproj", "{5C8B7B65-9387-4E7E-9B61-E8B46380DB96}"
EndProject
Project("{F184B08F-C81C-45F6-A57F-5ABD9991F28F}") = "UnitTest", "UnitTest\UnitTest.vbproj", "{8AA7EEC3-99C7-4C1A-B3D1-A3475D8B717C}"
EndProject
Project("{F184B08F-C81C-45F6-A57F-5ABD9991F28F}") = "LIS", "LIS\LIS.vbproj", "{58927DCC-EF37-4214-82CB-3832C9CC5F1C}"
EndProject
Project("{2150E333-8FDC-42A3-9474-1A3956D46DE8}") = "01.-Presentation Layer", "01.-Presentation Layer", "{A8E99681-BCE1-4FA3-B4BF-3F23F22F6DD1}"
EndProject
Project("{2150E333-8FDC-42A3-9474-1A3956D46DE8}") = "03.-Business Layer", "03.-Business Layer", "{D5CD0A16-00AA-4AFB-9399-41E553C62F05}"
EndProject
Project("{2150E333-8FDC-42A3-9474-1A3956D46DE8}") = "04.-Data Access Layer", "04.-Data Access Layer", "{06E56AB8-147B-472E-ACDD-F12CEA51024F}"
EndProject
Project("{F184B08F-C81C-45F6-A57F-5ABD9991F28F}") = "Ax00.Core", "03.-Business Layer\Ax00.Core\Ax00.Core.vbproj", "{BD38761F-269A-428A-A15E-9D40B387F992}"
EndProject
Project("{2150E333-8FDC-42A3-9474-1A3956D46DE8}") = "02.-Application Layer", "02.-Application Layer", "{E6520413-E231-4EFD-BB35-DB6E8715A33E}"
EndProject
Project("{F184B08F-C81C-45F6-A57F-5ABD9991F28F}") = "Ax00.Application", "02.-Application Layer\Ax00.Application\Ax00.Application.vbproj", "{724AAEBF-5914-4FD8-90B6-BEA43C325EE1}"
EndProject
Project("{2150E333-8FDC-42A3-9474-1A3956D46DE8}") = "05.-Cross Cutting Layer", "05.-Cross Cutting Layer", "{D44DD32E-4501-4150-A25A-B48F1788C880}"
EndProject
Project("{F184B08F-C81C-45F6-A57F-5ABD9991F28F}") = "SolutionTools", "SolutionTools\SolutionTools.vbproj", "{AC7D6638-DFBF-46BE-AF8C-A78CDD43361E}"
EndProject
Project("{2150E333-8FDC-42A3-9474-1A3956D46DE8}") = ".nuget", ".nuget", "{1D8B3A94-3DF1-4352-977D-F01998CDEAFF}"
EndProject
Project("{2150E333-8FDC-42A3-9474-1A3956D46DE8}") = "Ax00", "Ax00", "{637076C8-A909-4332-9F67-60B80E6F4F6B}"
EndProject
Project("{2150E333-8FDC-42A3-9474-1A3956D46DE8}") = "Ax00.UnitTests", "Ax00.UnitTests", "{114D9409-3FF2-4BB9-A21C-83848065E2CA}"
EndProject
Project("{2150E333-8FDC-42A3-9474-1A3956D46DE8}") = "01.-Presentation Layer", "01.-Presentation Layer", "{EB571843-CD74-4090-9F7E-A91DD74F4908}"
EndProject
Project("{2150E333-8FDC-42A3-9474-1A3956D46DE8}") = "02.-Application Layer", "02.-Application Layer", "{9F69CE76-69FE-4087-99B8-D25AE9C11B9D}"
EndProject
Project("{2150E333-8FDC-42A3-9474-1A3956D46DE8}") = "03.-Business Layer", "03.-Business Layer", "{29759858-5822-43A8-A2F6-63B1D1683762}"
EndProject
Project("{2150E333-8FDC-42A3-9474-1A3956D46DE8}") = "04.-Data Access Layer", "04.-Data Access Layer", "{7DA2188A-D5A9-493E-A717-175C73C81207}"
EndProject
Project("{2150E333-8FDC-42A3-9474-1A3956D46DE8}") = "Ax00.IntegrationTests", "Ax00.IntegrationTests", "{986B8F79-2182-4224-BD83-08851816AC8D}"
EndProject
Project("{2150E333-8FDC-42A3-9474-1A3956D46DE8}") = "05.-Cross Cutting Layer", "05.-Cross Cutting Layer", "{9CAD51FE-6834-4380-AF6B-02A4649AF949}"
EndProject
Project("{F184B08F-C81C-45F6-A57F-5ABD9991F28F}") = "Ax00.Core.Tests", "Ax00.UnitTests\03.-Business Layer\Ax00.Core.Tests\Ax00.Core.Tests.vbproj", "{19D0D733-D967-4013-8642-5BAA91EEABF8}"
EndProject
Project("{F184B08F-C81C-45F6-A57F-5ABD9991F28F}") = "Analyzer.Tests", "Ax00.UnitTests\Analyzer.Tests\Analyzer.Tests.vbproj", "{D84217F0-03D7-4ED7-BD18-88E97DC90B0F}"
EndProject
Project("{F184B08F-C81C-45F6-A57F-5ABD9991F28F}") = "Global.Tests", "Ax00.UnitTests\Global.Tests\Global.Tests.vbproj", "{7AB498E6-B54C-4635-94BF-D3D3ABAF1761}"
EndProject
Project("{F184B08F-C81C-45F6-A57F-5ABD9991F28F}") = "Ax00.IntegrationTests", "Ax00.IntegrationTests\Ax00.IntegrationTests.vbproj", "{92740A39-2507-48C3-B8D7-8E570BFCEA19}"
EndProject
Project("{2150E333-8FDC-42A3-9474-1A3956D46DE8}") = "BAx00.Framework", "BAx00.Framework", "{7BD7FDBF-5C8D-445B-AF57-58CBCB108C0E}"
EndProject
Project("{F184B08F-C81C-45F6-A57F-5ABD9991F28F}") = "InstallFramework", "InstallFramework\InstallFramework.vbproj", "{B566F937-2EAF-48ED-A0C8-0A4DD2D712F6}"
EndProject
Global
	GlobalSection(SolutionConfigurationPlatforms) = preSolution
		Debug|Any CPU = Debug|Any CPU
		Debug|Mixed Platforms = Debug|Mixed Platforms
		Debug|x64 = Debug|x64
		Debug|x86 = Debug|x86
		Release|Any CPU = Release|Any CPU
		Release|Mixed Platforms = Release|Mixed Platforms
		Release|x64 = Release|x64
		Release|x86 = Release|x86
	EndGlobalSection
	GlobalSection(ProjectConfigurationPlatforms) = postSolution
		{3B617EBF-0488-46BD-AB56-094F81D0E4C3}.Debug|Any CPU.ActiveCfg = Debug|x86
		{3B617EBF-0488-46BD-AB56-094F81D0E4C3}.Debug|Any CPU.Build.0 = Debug|x86
		{3B617EBF-0488-46BD-AB56-094F81D0E4C3}.Debug|Mixed Platforms.ActiveCfg = Debug|x86
		{3B617EBF-0488-46BD-AB56-094F81D0E4C3}.Debug|Mixed Platforms.Build.0 = Debug|x86
		{3B617EBF-0488-46BD-AB56-094F81D0E4C3}.Debug|x64.ActiveCfg = Debug|x64
		{3B617EBF-0488-46BD-AB56-094F81D0E4C3}.Debug|x64.Build.0 = Debug|x64
		{3B617EBF-0488-46BD-AB56-094F81D0E4C3}.Debug|x86.ActiveCfg = Debug|x86
		{3B617EBF-0488-46BD-AB56-094F81D0E4C3}.Debug|x86.Build.0 = Debug|x86
		{3B617EBF-0488-46BD-AB56-094F81D0E4C3}.Release|Any CPU.ActiveCfg = Release|Any CPU
		{3B617EBF-0488-46BD-AB56-094F81D0E4C3}.Release|Any CPU.Build.0 = Release|Any CPU
		{3B617EBF-0488-46BD-AB56-094F81D0E4C3}.Release|Mixed Platforms.ActiveCfg = Release|x86
		{3B617EBF-0488-46BD-AB56-094F81D0E4C3}.Release|Mixed Platforms.Build.0 = Release|x86
		{3B617EBF-0488-46BD-AB56-094F81D0E4C3}.Release|x64.ActiveCfg = Release|x64
		{3B617EBF-0488-46BD-AB56-094F81D0E4C3}.Release|x64.Build.0 = Release|x64
		{3B617EBF-0488-46BD-AB56-094F81D0E4C3}.Release|x86.ActiveCfg = Release|x86
		{3B617EBF-0488-46BD-AB56-094F81D0E4C3}.Release|x86.Build.0 = Release|x86
		{5D65020C-C2D7-4AC3-B557-223FC290E526}.Debug|Any CPU.ActiveCfg = Debug|x86
		{5D65020C-C2D7-4AC3-B557-223FC290E526}.Debug|Any CPU.Build.0 = Debug|x86
		{5D65020C-C2D7-4AC3-B557-223FC290E526}.Debug|Mixed Platforms.ActiveCfg = Debug|x86
		{5D65020C-C2D7-4AC3-B557-223FC290E526}.Debug|Mixed Platforms.Build.0 = Debug|x86
		{5D65020C-C2D7-4AC3-B557-223FC290E526}.Debug|x64.ActiveCfg = Debug|x64
		{5D65020C-C2D7-4AC3-B557-223FC290E526}.Debug|x64.Build.0 = Debug|x64
		{5D65020C-C2D7-4AC3-B557-223FC290E526}.Debug|x86.ActiveCfg = Debug|x86
		{5D65020C-C2D7-4AC3-B557-223FC290E526}.Debug|x86.Build.0 = Debug|x86
		{5D65020C-C2D7-4AC3-B557-223FC290E526}.Release|Any CPU.ActiveCfg = Release|Any CPU
		{5D65020C-C2D7-4AC3-B557-223FC290E526}.Release|Any CPU.Build.0 = Release|Any CPU
		{5D65020C-C2D7-4AC3-B557-223FC290E526}.Release|Mixed Platforms.ActiveCfg = Release|x86
		{5D65020C-C2D7-4AC3-B557-223FC290E526}.Release|Mixed Platforms.Build.0 = Release|x86
		{5D65020C-C2D7-4AC3-B557-223FC290E526}.Release|x64.ActiveCfg = Release|x64
		{5D65020C-C2D7-4AC3-B557-223FC290E526}.Release|x64.Build.0 = Release|x64
		{5D65020C-C2D7-4AC3-B557-223FC290E526}.Release|x86.ActiveCfg = Release|x86
		{5D65020C-C2D7-4AC3-B557-223FC290E526}.Release|x86.Build.0 = Release|x86
		{24D4D868-1885-4710-A105-9095FE79A2FB}.Debug|Any CPU.ActiveCfg = Debug|x86
		{24D4D868-1885-4710-A105-9095FE79A2FB}.Debug|Any CPU.Build.0 = Debug|x86
		{24D4D868-1885-4710-A105-9095FE79A2FB}.Debug|Mixed Platforms.ActiveCfg = Debug|x86
		{24D4D868-1885-4710-A105-9095FE79A2FB}.Debug|Mixed Platforms.Build.0 = Debug|x86
		{24D4D868-1885-4710-A105-9095FE79A2FB}.Debug|x64.ActiveCfg = Debug|x64
		{24D4D868-1885-4710-A105-9095FE79A2FB}.Debug|x64.Build.0 = Debug|x64
		{24D4D868-1885-4710-A105-9095FE79A2FB}.Debug|x86.ActiveCfg = Debug|x86
		{24D4D868-1885-4710-A105-9095FE79A2FB}.Debug|x86.Build.0 = Debug|x86
		{24D4D868-1885-4710-A105-9095FE79A2FB}.Release|Any CPU.ActiveCfg = Release|Any CPU
		{24D4D868-1885-4710-A105-9095FE79A2FB}.Release|Any CPU.Build.0 = Release|Any CPU
		{24D4D868-1885-4710-A105-9095FE79A2FB}.Release|Mixed Platforms.ActiveCfg = Release|x86
		{24D4D868-1885-4710-A105-9095FE79A2FB}.Release|Mixed Platforms.Build.0 = Release|x86
		{24D4D868-1885-4710-A105-9095FE79A2FB}.Release|x64.ActiveCfg = Release|x64
		{24D4D868-1885-4710-A105-9095FE79A2FB}.Release|x64.Build.0 = Release|x64
		{24D4D868-1885-4710-A105-9095FE79A2FB}.Release|x86.ActiveCfg = Release|x86
		{24D4D868-1885-4710-A105-9095FE79A2FB}.Release|x86.Build.0 = Release|x86
		{D205362A-E6D6-4904-B146-8427E2BFD146}.Debug|Any CPU.ActiveCfg = Debug|x86
		{D205362A-E6D6-4904-B146-8427E2BFD146}.Debug|Any CPU.Build.0 = Debug|x86
		{D205362A-E6D6-4904-B146-8427E2BFD146}.Debug|Mixed Platforms.ActiveCfg = Debug|x86
		{D205362A-E6D6-4904-B146-8427E2BFD146}.Debug|Mixed Platforms.Build.0 = Debug|x86
		{D205362A-E6D6-4904-B146-8427E2BFD146}.Debug|x64.ActiveCfg = Debug|x64
		{D205362A-E6D6-4904-B146-8427E2BFD146}.Debug|x64.Build.0 = Debug|x64
		{D205362A-E6D6-4904-B146-8427E2BFD146}.Debug|x86.ActiveCfg = Debug|x86
		{D205362A-E6D6-4904-B146-8427E2BFD146}.Debug|x86.Build.0 = Debug|x86
		{D205362A-E6D6-4904-B146-8427E2BFD146}.Release|Any CPU.ActiveCfg = Release|Any CPU
		{D205362A-E6D6-4904-B146-8427E2BFD146}.Release|Any CPU.Build.0 = Release|Any CPU
		{D205362A-E6D6-4904-B146-8427E2BFD146}.Release|Mixed Platforms.ActiveCfg = Release|x86
		{D205362A-E6D6-4904-B146-8427E2BFD146}.Release|Mixed Platforms.Build.0 = Release|x86
		{D205362A-E6D6-4904-B146-8427E2BFD146}.Release|x64.ActiveCfg = Release|x64
		{D205362A-E6D6-4904-B146-8427E2BFD146}.Release|x64.Build.0 = Release|x64
		{D205362A-E6D6-4904-B146-8427E2BFD146}.Release|x86.ActiveCfg = Release|x86
		{D205362A-E6D6-4904-B146-8427E2BFD146}.Release|x86.Build.0 = Release|x86
		{51863CF3-A3E9-4E41-8924-C69704796FB9}.Debug|Any CPU.ActiveCfg = Debug|x86
		{51863CF3-A3E9-4E41-8924-C69704796FB9}.Debug|Any CPU.Build.0 = Debug|x86
		{51863CF3-A3E9-4E41-8924-C69704796FB9}.Debug|Mixed Platforms.ActiveCfg = Debug|x86
		{51863CF3-A3E9-4E41-8924-C69704796FB9}.Debug|Mixed Platforms.Build.0 = Debug|x86
		{51863CF3-A3E9-4E41-8924-C69704796FB9}.Debug|x64.ActiveCfg = Debug|x64
		{51863CF3-A3E9-4E41-8924-C69704796FB9}.Debug|x64.Build.0 = Debug|x64
		{51863CF3-A3E9-4E41-8924-C69704796FB9}.Debug|x86.ActiveCfg = Debug|x86
		{51863CF3-A3E9-4E41-8924-C69704796FB9}.Debug|x86.Build.0 = Debug|x86
		{51863CF3-A3E9-4E41-8924-C69704796FB9}.Release|Any CPU.ActiveCfg = Release|Any CPU
		{51863CF3-A3E9-4E41-8924-C69704796FB9}.Release|Any CPU.Build.0 = Release|Any CPU
		{51863CF3-A3E9-4E41-8924-C69704796FB9}.Release|Mixed Platforms.ActiveCfg = Release|x86
		{51863CF3-A3E9-4E41-8924-C69704796FB9}.Release|Mixed Platforms.Build.0 = Release|x86
		{51863CF3-A3E9-4E41-8924-C69704796FB9}.Release|x64.ActiveCfg = Release|x64
		{51863CF3-A3E9-4E41-8924-C69704796FB9}.Release|x64.Build.0 = Release|x64
		{51863CF3-A3E9-4E41-8924-C69704796FB9}.Release|x86.ActiveCfg = Release|x86
		{51863CF3-A3E9-4E41-8924-C69704796FB9}.Release|x86.Build.0 = Release|x86
		{806A1F2F-07C1-43D2-AF67-59ACCF4B5754}.Debug|Any CPU.ActiveCfg = Debug|x86
		{806A1F2F-07C1-43D2-AF67-59ACCF4B5754}.Debug|Any CPU.Build.0 = Debug|x86
		{806A1F2F-07C1-43D2-AF67-59ACCF4B5754}.Debug|Mixed Platforms.ActiveCfg = Debug|x86
		{806A1F2F-07C1-43D2-AF67-59ACCF4B5754}.Debug|Mixed Platforms.Build.0 = Debug|x86
		{806A1F2F-07C1-43D2-AF67-59ACCF4B5754}.Debug|x64.ActiveCfg = Debug|x64
		{806A1F2F-07C1-43D2-AF67-59ACCF4B5754}.Debug|x64.Build.0 = Debug|x64
		{806A1F2F-07C1-43D2-AF67-59ACCF4B5754}.Debug|x86.ActiveCfg = Debug|x86
		{806A1F2F-07C1-43D2-AF67-59ACCF4B5754}.Debug|x86.Build.0 = Debug|x86
		{806A1F2F-07C1-43D2-AF67-59ACCF4B5754}.Release|Any CPU.ActiveCfg = Release|Any CPU
		{806A1F2F-07C1-43D2-AF67-59ACCF4B5754}.Release|Any CPU.Build.0 = Release|Any CPU
		{806A1F2F-07C1-43D2-AF67-59ACCF4B5754}.Release|Mixed Platforms.ActiveCfg = Release|x86
		{806A1F2F-07C1-43D2-AF67-59ACCF4B5754}.Release|Mixed Platforms.Build.0 = Release|x86
		{806A1F2F-07C1-43D2-AF67-59ACCF4B5754}.Release|x64.ActiveCfg = Release|x64
		{806A1F2F-07C1-43D2-AF67-59ACCF4B5754}.Release|x64.Build.0 = Release|x64
		{806A1F2F-07C1-43D2-AF67-59ACCF4B5754}.Release|x86.ActiveCfg = Release|x86
		{806A1F2F-07C1-43D2-AF67-59ACCF4B5754}.Release|x86.Build.0 = Release|x86
		{BC01C1BD-2A93-4002-B74F-7BCF9793309D}.Debug|Any CPU.ActiveCfg = Debug|x86
		{BC01C1BD-2A93-4002-B74F-7BCF9793309D}.Debug|Any CPU.Build.0 = Debug|x86
		{BC01C1BD-2A93-4002-B74F-7BCF9793309D}.Debug|Mixed Platforms.ActiveCfg = Debug|x86
		{BC01C1BD-2A93-4002-B74F-7BCF9793309D}.Debug|Mixed Platforms.Build.0 = Debug|x86
		{BC01C1BD-2A93-4002-B74F-7BCF9793309D}.Debug|x64.ActiveCfg = Debug|x64
		{BC01C1BD-2A93-4002-B74F-7BCF9793309D}.Debug|x64.Build.0 = Debug|x64
		{BC01C1BD-2A93-4002-B74F-7BCF9793309D}.Debug|x86.ActiveCfg = Debug|x86
		{BC01C1BD-2A93-4002-B74F-7BCF9793309D}.Debug|x86.Build.0 = Debug|x86
		{BC01C1BD-2A93-4002-B74F-7BCF9793309D}.Release|Any CPU.ActiveCfg = Release|Any CPU
		{BC01C1BD-2A93-4002-B74F-7BCF9793309D}.Release|Any CPU.Build.0 = Release|Any CPU
		{BC01C1BD-2A93-4002-B74F-7BCF9793309D}.Release|Mixed Platforms.ActiveCfg = Release|x86
		{BC01C1BD-2A93-4002-B74F-7BCF9793309D}.Release|Mixed Platforms.Build.0 = Release|x86
		{BC01C1BD-2A93-4002-B74F-7BCF9793309D}.Release|x64.ActiveCfg = Release|x64
		{BC01C1BD-2A93-4002-B74F-7BCF9793309D}.Release|x64.Build.0 = Release|x64
		{BC01C1BD-2A93-4002-B74F-7BCF9793309D}.Release|x86.ActiveCfg = Release|x86
		{BC01C1BD-2A93-4002-B74F-7BCF9793309D}.Release|x86.Build.0 = Release|x86
		{3AAF43D5-55D8-4A0B-9FD3-E8841008E13E}.Debug|Any CPU.ActiveCfg = Debug|x86
		{3AAF43D5-55D8-4A0B-9FD3-E8841008E13E}.Debug|Any CPU.Build.0 = Debug|x86
		{3AAF43D5-55D8-4A0B-9FD3-E8841008E13E}.Debug|Mixed Platforms.ActiveCfg = Debug|x86
		{3AAF43D5-55D8-4A0B-9FD3-E8841008E13E}.Debug|Mixed Platforms.Build.0 = Debug|x86
		{3AAF43D5-55D8-4A0B-9FD3-E8841008E13E}.Debug|x64.ActiveCfg = Debug|x64
		{3AAF43D5-55D8-4A0B-9FD3-E8841008E13E}.Debug|x64.Build.0 = Debug|x64
		{3AAF43D5-55D8-4A0B-9FD3-E8841008E13E}.Debug|x86.ActiveCfg = Debug|x86
		{3AAF43D5-55D8-4A0B-9FD3-E8841008E13E}.Debug|x86.Build.0 = Debug|x86
		{3AAF43D5-55D8-4A0B-9FD3-E8841008E13E}.Release|Any CPU.ActiveCfg = Release|Any CPU
		{3AAF43D5-55D8-4A0B-9FD3-E8841008E13E}.Release|Any CPU.Build.0 = Release|Any CPU
		{3AAF43D5-55D8-4A0B-9FD3-E8841008E13E}.Release|Mixed Platforms.ActiveCfg = Release|x86
		{3AAF43D5-55D8-4A0B-9FD3-E8841008E13E}.Release|Mixed Platforms.Build.0 = Release|x86
		{3AAF43D5-55D8-4A0B-9FD3-E8841008E13E}.Release|x64.ActiveCfg = Release|x64
		{3AAF43D5-55D8-4A0B-9FD3-E8841008E13E}.Release|x64.Build.0 = Release|x64
		{3AAF43D5-55D8-4A0B-9FD3-E8841008E13E}.Release|x86.ActiveCfg = Release|x86
		{3AAF43D5-55D8-4A0B-9FD3-E8841008E13E}.Release|x86.Build.0 = Release|x86
		{A883608A-3D41-4339-9C2F-FEEA18BEFB68}.Debug|Any CPU.ActiveCfg = Debug|x86
		{A883608A-3D41-4339-9C2F-FEEA18BEFB68}.Debug|Any CPU.Build.0 = Debug|x86
		{A883608A-3D41-4339-9C2F-FEEA18BEFB68}.Debug|Mixed Platforms.ActiveCfg = Debug|x86
		{A883608A-3D41-4339-9C2F-FEEA18BEFB68}.Debug|Mixed Platforms.Build.0 = Debug|x86
		{A883608A-3D41-4339-9C2F-FEEA18BEFB68}.Debug|x64.ActiveCfg = Debug|x64
		{A883608A-3D41-4339-9C2F-FEEA18BEFB68}.Debug|x64.Build.0 = Debug|x64
		{A883608A-3D41-4339-9C2F-FEEA18BEFB68}.Debug|x86.ActiveCfg = Debug|x86
		{A883608A-3D41-4339-9C2F-FEEA18BEFB68}.Debug|x86.Build.0 = Debug|x86
		{A883608A-3D41-4339-9C2F-FEEA18BEFB68}.Release|Any CPU.ActiveCfg = Release|Any CPU
		{A883608A-3D41-4339-9C2F-FEEA18BEFB68}.Release|Any CPU.Build.0 = Release|Any CPU
		{A883608A-3D41-4339-9C2F-FEEA18BEFB68}.Release|Mixed Platforms.ActiveCfg = Release|x86
		{A883608A-3D41-4339-9C2F-FEEA18BEFB68}.Release|Mixed Platforms.Build.0 = Release|x86
		{A883608A-3D41-4339-9C2F-FEEA18BEFB68}.Release|x64.ActiveCfg = Release|x64
		{A883608A-3D41-4339-9C2F-FEEA18BEFB68}.Release|x64.Build.0 = Release|x64
		{A883608A-3D41-4339-9C2F-FEEA18BEFB68}.Release|x86.ActiveCfg = Release|x86
		{A883608A-3D41-4339-9C2F-FEEA18BEFB68}.Release|x86.Build.0 = Release|x86
		{052CF005-D448-4768-A25A-48FF53644469}.Debug|Any CPU.ActiveCfg = Debug|x86
		{052CF005-D448-4768-A25A-48FF53644469}.Debug|Any CPU.Build.0 = Debug|x86
		{052CF005-D448-4768-A25A-48FF53644469}.Debug|Mixed Platforms.ActiveCfg = Debug|x86
		{052CF005-D448-4768-A25A-48FF53644469}.Debug|Mixed Platforms.Build.0 = Debug|x86
		{052CF005-D448-4768-A25A-48FF53644469}.Debug|x64.ActiveCfg = Debug|x64
		{052CF005-D448-4768-A25A-48FF53644469}.Debug|x64.Build.0 = Debug|x64
		{052CF005-D448-4768-A25A-48FF53644469}.Debug|x86.ActiveCfg = Debug|x86
		{052CF005-D448-4768-A25A-48FF53644469}.Debug|x86.Build.0 = Debug|x86
		{052CF005-D448-4768-A25A-48FF53644469}.Release|Any CPU.ActiveCfg = Release|Any CPU
		{052CF005-D448-4768-A25A-48FF53644469}.Release|Any CPU.Build.0 = Release|Any CPU
		{052CF005-D448-4768-A25A-48FF53644469}.Release|Mixed Platforms.ActiveCfg = Release|x86
		{052CF005-D448-4768-A25A-48FF53644469}.Release|Mixed Platforms.Build.0 = Release|x86
		{052CF005-D448-4768-A25A-48FF53644469}.Release|x64.ActiveCfg = Release|x64
		{052CF005-D448-4768-A25A-48FF53644469}.Release|x64.Build.0 = Release|x64
		{052CF005-D448-4768-A25A-48FF53644469}.Release|x86.ActiveCfg = Release|x86
		{052CF005-D448-4768-A25A-48FF53644469}.Release|x86.Build.0 = Release|x86
		{053CFFD3-17B1-4A95-AF8C-FF4B6DE08809}.Debug|Any CPU.ActiveCfg = Debug|x86
		{053CFFD3-17B1-4A95-AF8C-FF4B6DE08809}.Debug|Any CPU.Build.0 = Debug|x86
		{053CFFD3-17B1-4A95-AF8C-FF4B6DE08809}.Debug|Mixed Platforms.ActiveCfg = Debug|x86
		{053CFFD3-17B1-4A95-AF8C-FF4B6DE08809}.Debug|Mixed Platforms.Build.0 = Debug|x86
		{053CFFD3-17B1-4A95-AF8C-FF4B6DE08809}.Debug|x64.ActiveCfg = Debug|x64
		{053CFFD3-17B1-4A95-AF8C-FF4B6DE08809}.Debug|x64.Build.0 = Debug|x64
		{053CFFD3-17B1-4A95-AF8C-FF4B6DE08809}.Debug|x86.ActiveCfg = Debug|x86
		{053CFFD3-17B1-4A95-AF8C-FF4B6DE08809}.Debug|x86.Build.0 = Debug|x86
		{053CFFD3-17B1-4A95-AF8C-FF4B6DE08809}.Release|Any CPU.ActiveCfg = Release|Any CPU
		{053CFFD3-17B1-4A95-AF8C-FF4B6DE08809}.Release|Any CPU.Build.0 = Release|Any CPU
		{053CFFD3-17B1-4A95-AF8C-FF4B6DE08809}.Release|Mixed Platforms.ActiveCfg = Release|x86
		{053CFFD3-17B1-4A95-AF8C-FF4B6DE08809}.Release|Mixed Platforms.Build.0 = Release|x86
		{053CFFD3-17B1-4A95-AF8C-FF4B6DE08809}.Release|x64.ActiveCfg = Release|x64
		{053CFFD3-17B1-4A95-AF8C-FF4B6DE08809}.Release|x64.Build.0 = Release|x64
		{053CFFD3-17B1-4A95-AF8C-FF4B6DE08809}.Release|x86.ActiveCfg = Release|x86
		{053CFFD3-17B1-4A95-AF8C-FF4B6DE08809}.Release|x86.Build.0 = Release|x86
		{BD816D19-6903-4603-8A75-A14C099D4EB2}.Debug|Any CPU.ActiveCfg = Debug|x86
		{BD816D19-6903-4603-8A75-A14C099D4EB2}.Debug|Any CPU.Build.0 = Debug|x86
		{BD816D19-6903-4603-8A75-A14C099D4EB2}.Debug|Mixed Platforms.ActiveCfg = Debug|x86
		{BD816D19-6903-4603-8A75-A14C099D4EB2}.Debug|Mixed Platforms.Build.0 = Debug|x86
		{BD816D19-6903-4603-8A75-A14C099D4EB2}.Debug|x64.ActiveCfg = Debug|x64
		{BD816D19-6903-4603-8A75-A14C099D4EB2}.Debug|x64.Build.0 = Debug|x64
		{BD816D19-6903-4603-8A75-A14C099D4EB2}.Debug|x86.ActiveCfg = Debug|x86
		{BD816D19-6903-4603-8A75-A14C099D4EB2}.Debug|x86.Build.0 = Debug|x86
		{BD816D19-6903-4603-8A75-A14C099D4EB2}.Release|Any CPU.ActiveCfg = Release|Any CPU
		{BD816D19-6903-4603-8A75-A14C099D4EB2}.Release|Any CPU.Build.0 = Release|Any CPU
		{BD816D19-6903-4603-8A75-A14C099D4EB2}.Release|Mixed Platforms.ActiveCfg = Release|x86
		{BD816D19-6903-4603-8A75-A14C099D4EB2}.Release|Mixed Platforms.Build.0 = Release|x86
		{BD816D19-6903-4603-8A75-A14C099D4EB2}.Release|x64.ActiveCfg = Release|x64
		{BD816D19-6903-4603-8A75-A14C099D4EB2}.Release|x64.Build.0 = Release|x64
		{BD816D19-6903-4603-8A75-A14C099D4EB2}.Release|x86.ActiveCfg = Release|x86
		{BD816D19-6903-4603-8A75-A14C099D4EB2}.Release|x86.Build.0 = Release|x86
		{0E1F721F-3002-4FAB-9300-3DB5B11A4002}.Debug|Any CPU.ActiveCfg = Debug|x86
		{0E1F721F-3002-4FAB-9300-3DB5B11A4002}.Debug|Any CPU.Build.0 = Debug|x86
		{0E1F721F-3002-4FAB-9300-3DB5B11A4002}.Debug|Mixed Platforms.ActiveCfg = Debug|x86
		{0E1F721F-3002-4FAB-9300-3DB5B11A4002}.Debug|Mixed Platforms.Build.0 = Debug|x86
		{0E1F721F-3002-4FAB-9300-3DB5B11A4002}.Debug|x64.ActiveCfg = Debug|x64
		{0E1F721F-3002-4FAB-9300-3DB5B11A4002}.Debug|x64.Build.0 = Debug|x64
		{0E1F721F-3002-4FAB-9300-3DB5B11A4002}.Debug|x86.ActiveCfg = Debug|x86
		{0E1F721F-3002-4FAB-9300-3DB5B11A4002}.Debug|x86.Build.0 = Debug|x86
		{0E1F721F-3002-4FAB-9300-3DB5B11A4002}.Release|Any CPU.ActiveCfg = Release|Any CPU
		{0E1F721F-3002-4FAB-9300-3DB5B11A4002}.Release|Any CPU.Build.0 = Release|Any CPU
		{0E1F721F-3002-4FAB-9300-3DB5B11A4002}.Release|Mixed Platforms.ActiveCfg = Release|x86
		{0E1F721F-3002-4FAB-9300-3DB5B11A4002}.Release|Mixed Platforms.Build.0 = Release|x86
		{0E1F721F-3002-4FAB-9300-3DB5B11A4002}.Release|x64.ActiveCfg = Release|x64
		{0E1F721F-3002-4FAB-9300-3DB5B11A4002}.Release|x64.Build.0 = Release|x64
		{0E1F721F-3002-4FAB-9300-3DB5B11A4002}.Release|x86.ActiveCfg = Release|x86
		{0E1F721F-3002-4FAB-9300-3DB5B11A4002}.Release|x86.Build.0 = Release|x86
		{A139D1D6-0C60-4DA2-B073-E73E2F2893D8}.Debug|Any CPU.ActiveCfg = Debug|x86
		{A139D1D6-0C60-4DA2-B073-E73E2F2893D8}.Debug|Any CPU.Build.0 = Debug|x86
		{A139D1D6-0C60-4DA2-B073-E73E2F2893D8}.Debug|Mixed Platforms.ActiveCfg = Debug|x86
		{A139D1D6-0C60-4DA2-B073-E73E2F2893D8}.Debug|Mixed Platforms.Build.0 = Debug|x86
		{A139D1D6-0C60-4DA2-B073-E73E2F2893D8}.Debug|x64.ActiveCfg = Debug|x64
		{A139D1D6-0C60-4DA2-B073-E73E2F2893D8}.Debug|x64.Build.0 = Debug|x64
		{A139D1D6-0C60-4DA2-B073-E73E2F2893D8}.Debug|x86.ActiveCfg = Debug|x86
		{A139D1D6-0C60-4DA2-B073-E73E2F2893D8}.Debug|x86.Build.0 = Debug|x86
		{A139D1D6-0C60-4DA2-B073-E73E2F2893D8}.Release|Any CPU.ActiveCfg = Release|Any CPU
		{A139D1D6-0C60-4DA2-B073-E73E2F2893D8}.Release|Any CPU.Build.0 = Release|Any CPU
		{A139D1D6-0C60-4DA2-B073-E73E2F2893D8}.Release|Mixed Platforms.ActiveCfg = Release|x86
		{A139D1D6-0C60-4DA2-B073-E73E2F2893D8}.Release|Mixed Platforms.Build.0 = Release|x86
		{A139D1D6-0C60-4DA2-B073-E73E2F2893D8}.Release|x64.ActiveCfg = Release|x64
		{A139D1D6-0C60-4DA2-B073-E73E2F2893D8}.Release|x64.Build.0 = Release|x64
		{A139D1D6-0C60-4DA2-B073-E73E2F2893D8}.Release|x86.ActiveCfg = Release|x86
		{A139D1D6-0C60-4DA2-B073-E73E2F2893D8}.Release|x86.Build.0 = Release|x86
		{9020DEA1-7692-4CC7-9BE8-A1CF129CD1C2}.Debug|Any CPU.ActiveCfg = Debug|x86
		{9020DEA1-7692-4CC7-9BE8-A1CF129CD1C2}.Debug|Any CPU.Build.0 = Debug|x86
		{9020DEA1-7692-4CC7-9BE8-A1CF129CD1C2}.Debug|Mixed Platforms.ActiveCfg = Debug|x86
		{9020DEA1-7692-4CC7-9BE8-A1CF129CD1C2}.Debug|Mixed Platforms.Build.0 = Debug|x86
		{9020DEA1-7692-4CC7-9BE8-A1CF129CD1C2}.Debug|x64.ActiveCfg = Debug|x64
		{9020DEA1-7692-4CC7-9BE8-A1CF129CD1C2}.Debug|x64.Build.0 = Debug|x64
		{9020DEA1-7692-4CC7-9BE8-A1CF129CD1C2}.Debug|x86.ActiveCfg = Debug|x86
		{9020DEA1-7692-4CC7-9BE8-A1CF129CD1C2}.Debug|x86.Build.0 = Debug|x86
		{9020DEA1-7692-4CC7-9BE8-A1CF129CD1C2}.Release|Any CPU.ActiveCfg = Release|Any CPU
		{9020DEA1-7692-4CC7-9BE8-A1CF129CD1C2}.Release|Any CPU.Build.0 = Release|Any CPU
		{9020DEA1-7692-4CC7-9BE8-A1CF129CD1C2}.Release|Mixed Platforms.ActiveCfg = Release|x86
		{9020DEA1-7692-4CC7-9BE8-A1CF129CD1C2}.Release|Mixed Platforms.Build.0 = Release|x86
		{9020DEA1-7692-4CC7-9BE8-A1CF129CD1C2}.Release|x64.ActiveCfg = Release|x64
		{9020DEA1-7692-4CC7-9BE8-A1CF129CD1C2}.Release|x64.Build.0 = Release|x64
		{9020DEA1-7692-4CC7-9BE8-A1CF129CD1C2}.Release|x86.ActiveCfg = Release|x86
		{9020DEA1-7692-4CC7-9BE8-A1CF129CD1C2}.Release|x86.Build.0 = Release|x86
		{64905D6A-E7B9-4798-AD76-2A0BC58A9AF6}.Debug|Any CPU.ActiveCfg = Debug|x86
		{64905D6A-E7B9-4798-AD76-2A0BC58A9AF6}.Debug|Any CPU.Build.0 = Debug|x86
		{64905D6A-E7B9-4798-AD76-2A0BC58A9AF6}.Debug|Mixed Platforms.ActiveCfg = Debug|x86
		{64905D6A-E7B9-4798-AD76-2A0BC58A9AF6}.Debug|Mixed Platforms.Build.0 = Debug|x86
		{64905D6A-E7B9-4798-AD76-2A0BC58A9AF6}.Debug|x64.ActiveCfg = Debug|x64
		{64905D6A-E7B9-4798-AD76-2A0BC58A9AF6}.Debug|x64.Build.0 = Debug|x64
		{64905D6A-E7B9-4798-AD76-2A0BC58A9AF6}.Debug|x86.ActiveCfg = Debug|x86
		{64905D6A-E7B9-4798-AD76-2A0BC58A9AF6}.Debug|x86.Build.0 = Debug|x86
		{64905D6A-E7B9-4798-AD76-2A0BC58A9AF6}.Release|Any CPU.ActiveCfg = Release|Any CPU
		{64905D6A-E7B9-4798-AD76-2A0BC58A9AF6}.Release|Any CPU.Build.0 = Release|Any CPU
		{64905D6A-E7B9-4798-AD76-2A0BC58A9AF6}.Release|Mixed Platforms.ActiveCfg = Release|x86
		{64905D6A-E7B9-4798-AD76-2A0BC58A9AF6}.Release|Mixed Platforms.Build.0 = Release|x86
		{64905D6A-E7B9-4798-AD76-2A0BC58A9AF6}.Release|x64.ActiveCfg = Release|x64
		{64905D6A-E7B9-4798-AD76-2A0BC58A9AF6}.Release|x64.Build.0 = Release|x64
		{64905D6A-E7B9-4798-AD76-2A0BC58A9AF6}.Release|x86.ActiveCfg = Release|x86
		{64905D6A-E7B9-4798-AD76-2A0BC58A9AF6}.Release|x86.Build.0 = Release|x86
		{6471EE6C-C00C-4DB6-881C-BFCA99ABA928}.Debug|Any CPU.ActiveCfg = Debug|x86
		{6471EE6C-C00C-4DB6-881C-BFCA99ABA928}.Debug|Any CPU.Build.0 = Debug|x86
		{6471EE6C-C00C-4DB6-881C-BFCA99ABA928}.Debug|Mixed Platforms.ActiveCfg = Debug|x86
		{6471EE6C-C00C-4DB6-881C-BFCA99ABA928}.Debug|Mixed Platforms.Build.0 = Debug|x86
		{6471EE6C-C00C-4DB6-881C-BFCA99ABA928}.Debug|x64.ActiveCfg = Debug|Any CPU
		{6471EE6C-C00C-4DB6-881C-BFCA99ABA928}.Debug|x86.ActiveCfg = Debug|x86
		{6471EE6C-C00C-4DB6-881C-BFCA99ABA928}.Debug|x86.Build.0 = Debug|x86
		{6471EE6C-C00C-4DB6-881C-BFCA99ABA928}.Release|Any CPU.ActiveCfg = Release|Any CPU
		{6471EE6C-C00C-4DB6-881C-BFCA99ABA928}.Release|Any CPU.Build.0 = Release|Any CPU
		{6471EE6C-C00C-4DB6-881C-BFCA99ABA928}.Release|Mixed Platforms.ActiveCfg = Release|x86
		{6471EE6C-C00C-4DB6-881C-BFCA99ABA928}.Release|Mixed Platforms.Build.0 = Release|x86
		{6471EE6C-C00C-4DB6-881C-BFCA99ABA928}.Release|x64.ActiveCfg = Release|Any CPU
		{6471EE6C-C00C-4DB6-881C-BFCA99ABA928}.Release|x86.ActiveCfg = Release|x86
		{6471EE6C-C00C-4DB6-881C-BFCA99ABA928}.Release|x86.Build.0 = Release|x86
		{2F6892A0-72D7-45F6-B429-61DBAD015128}.Debug|Any CPU.ActiveCfg = Debug|x86
		{2F6892A0-72D7-45F6-B429-61DBAD015128}.Debug|Any CPU.Build.0 = Debug|x86
		{2F6892A0-72D7-45F6-B429-61DBAD015128}.Debug|Mixed Platforms.ActiveCfg = Debug|x86
		{2F6892A0-72D7-45F6-B429-61DBAD015128}.Debug|Mixed Platforms.Build.0 = Debug|x86
		{2F6892A0-72D7-45F6-B429-61DBAD015128}.Debug|x64.ActiveCfg = Debug|Any CPU
		{2F6892A0-72D7-45F6-B429-61DBAD015128}.Debug|x86.ActiveCfg = Debug|x86
		{2F6892A0-72D7-45F6-B429-61DBAD015128}.Debug|x86.Build.0 = Debug|x86
		{2F6892A0-72D7-45F6-B429-61DBAD015128}.Release|Any CPU.ActiveCfg = Release|Any CPU
		{2F6892A0-72D7-45F6-B429-61DBAD015128}.Release|Any CPU.Build.0 = Release|Any CPU
		{2F6892A0-72D7-45F6-B429-61DBAD015128}.Release|Mixed Platforms.ActiveCfg = Release|x86
		{2F6892A0-72D7-45F6-B429-61DBAD015128}.Release|Mixed Platforms.Build.0 = Release|x86
		{2F6892A0-72D7-45F6-B429-61DBAD015128}.Release|x64.ActiveCfg = Release|Any CPU
		{2F6892A0-72D7-45F6-B429-61DBAD015128}.Release|x86.ActiveCfg = Release|x86
		{2F6892A0-72D7-45F6-B429-61DBAD015128}.Release|x86.Build.0 = Release|x86
		{5C8B7B65-9387-4E7E-9B61-E8B46380DB96}.Debug|Any CPU.ActiveCfg = Debug|Any CPU
		{5C8B7B65-9387-4E7E-9B61-E8B46380DB96}.Debug|Mixed Platforms.ActiveCfg = Debug|Any CPU
		{5C8B7B65-9387-4E7E-9B61-E8B46380DB96}.Debug|Mixed Platforms.Build.0 = Debug|Any CPU
		{5C8B7B65-9387-4E7E-9B61-E8B46380DB96}.Debug|x64.ActiveCfg = Debug|Any CPU
		{5C8B7B65-9387-4E7E-9B61-E8B46380DB96}.Debug|x86.ActiveCfg = Debug|Any CPU
		{5C8B7B65-9387-4E7E-9B61-E8B46380DB96}.Release|Any CPU.ActiveCfg = Release|Any CPU
		{5C8B7B65-9387-4E7E-9B61-E8B46380DB96}.Release|Any CPU.Build.0 = Release|Any CPU
		{5C8B7B65-9387-4E7E-9B61-E8B46380DB96}.Release|Mixed Platforms.ActiveCfg = Release|Any CPU
		{5C8B7B65-9387-4E7E-9B61-E8B46380DB96}.Release|Mixed Platforms.Build.0 = Release|Any CPU
		{5C8B7B65-9387-4E7E-9B61-E8B46380DB96}.Release|x64.ActiveCfg = Release|Any CPU
		{5C8B7B65-9387-4E7E-9B61-E8B46380DB96}.Release|x86.ActiveCfg = Release|Any CPU
		{8AA7EEC3-99C7-4C1A-B3D1-A3475D8B717C}.Debug|Any CPU.ActiveCfg = Debug|x86
		{8AA7EEC3-99C7-4C1A-B3D1-A3475D8B717C}.Debug|Mixed Platforms.ActiveCfg = Debug|Any CPU
		{8AA7EEC3-99C7-4C1A-B3D1-A3475D8B717C}.Debug|Mixed Platforms.Build.0 = Debug|Any CPU
		{8AA7EEC3-99C7-4C1A-B3D1-A3475D8B717C}.Debug|x64.ActiveCfg = Debug|Any CPU
		{8AA7EEC3-99C7-4C1A-B3D1-A3475D8B717C}.Debug|x86.ActiveCfg = Debug|x86
		{8AA7EEC3-99C7-4C1A-B3D1-A3475D8B717C}.Release|Any CPU.ActiveCfg = Release|Any CPU
		{8AA7EEC3-99C7-4C1A-B3D1-A3475D8B717C}.Release|Any CPU.Build.0 = Release|Any CPU
		{8AA7EEC3-99C7-4C1A-B3D1-A3475D8B717C}.Release|Mixed Platforms.ActiveCfg = Release|Any CPU
		{8AA7EEC3-99C7-4C1A-B3D1-A3475D8B717C}.Release|Mixed Platforms.Build.0 = Release|Any CPU
		{8AA7EEC3-99C7-4C1A-B3D1-A3475D8B717C}.Release|x64.ActiveCfg = Release|Any CPU
		{8AA7EEC3-99C7-4C1A-B3D1-A3475D8B717C}.Release|x86.ActiveCfg = Release|x86
		{58927DCC-EF37-4214-82CB-3832C9CC5F1C}.Debug|Any CPU.ActiveCfg = Debug|x86
		{58927DCC-EF37-4214-82CB-3832C9CC5F1C}.Debug|Any CPU.Build.0 = Debug|x86
		{58927DCC-EF37-4214-82CB-3832C9CC5F1C}.Debug|Mixed Platforms.ActiveCfg = Debug|x86
		{58927DCC-EF37-4214-82CB-3832C9CC5F1C}.Debug|Mixed Platforms.Build.0 = Debug|x86
		{58927DCC-EF37-4214-82CB-3832C9CC5F1C}.Debug|x64.ActiveCfg = Debug|Any CPU
		{58927DCC-EF37-4214-82CB-3832C9CC5F1C}.Debug|x86.ActiveCfg = Debug|x86
		{58927DCC-EF37-4214-82CB-3832C9CC5F1C}.Debug|x86.Build.0 = Debug|x86
		{58927DCC-EF37-4214-82CB-3832C9CC5F1C}.Release|Any CPU.ActiveCfg = Release|Any CPU
		{58927DCC-EF37-4214-82CB-3832C9CC5F1C}.Release|Any CPU.Build.0 = Release|Any CPU
		{58927DCC-EF37-4214-82CB-3832C9CC5F1C}.Release|Mixed Platforms.ActiveCfg = Release|x86
		{58927DCC-EF37-4214-82CB-3832C9CC5F1C}.Release|Mixed Platforms.Build.0 = Release|x86
		{58927DCC-EF37-4214-82CB-3832C9CC5F1C}.Release|x64.ActiveCfg = Release|Any CPU
		{58927DCC-EF37-4214-82CB-3832C9CC5F1C}.Release|x86.ActiveCfg = Release|x86
		{58927DCC-EF37-4214-82CB-3832C9CC5F1C}.Release|x86.Build.0 = Release|x86
		{BD38761F-269A-428A-A15E-9D40B387F992}.Debug|Any CPU.ActiveCfg = Debug|Any CPU
		{BD38761F-269A-428A-A15E-9D40B387F992}.Debug|Any CPU.Build.0 = Debug|Any CPU
		{BD38761F-269A-428A-A15E-9D40B387F992}.Debug|Mixed Platforms.ActiveCfg = Debug|x86
		{BD38761F-269A-428A-A15E-9D40B387F992}.Debug|Mixed Platforms.Build.0 = Debug|x86
		{BD38761F-269A-428A-A15E-9D40B387F992}.Debug|x64.ActiveCfg = Debug|Any CPU
		{BD38761F-269A-428A-A15E-9D40B387F992}.Debug|x86.ActiveCfg = Debug|x86
		{BD38761F-269A-428A-A15E-9D40B387F992}.Debug|x86.Build.0 = Debug|x86
		{BD38761F-269A-428A-A15E-9D40B387F992}.Release|Any CPU.ActiveCfg = Release|Any CPU
		{BD38761F-269A-428A-A15E-9D40B387F992}.Release|Any CPU.Build.0 = Release|Any CPU
		{BD38761F-269A-428A-A15E-9D40B387F992}.Release|Mixed Platforms.ActiveCfg = Release|Any CPU
		{BD38761F-269A-428A-A15E-9D40B387F992}.Release|Mixed Platforms.Build.0 = Release|Any CPU
		{BD38761F-269A-428A-A15E-9D40B387F992}.Release|x64.ActiveCfg = Release|Any CPU
		{BD38761F-269A-428A-A15E-9D40B387F992}.Release|x86.ActiveCfg = Release|x86
		{BD38761F-269A-428A-A15E-9D40B387F992}.Release|x86.Build.0 = Release|x86
		{724AAEBF-5914-4FD8-90B6-BEA43C325EE1}.Debug|Any CPU.ActiveCfg = Debug|Any CPU
		{724AAEBF-5914-4FD8-90B6-BEA43C325EE1}.Debug|Any CPU.Build.0 = Debug|Any CPU
		{724AAEBF-5914-4FD8-90B6-BEA43C325EE1}.Debug|Mixed Platforms.ActiveCfg = Debug|x86
		{724AAEBF-5914-4FD8-90B6-BEA43C325EE1}.Debug|Mixed Platforms.Build.0 = Debug|x86
		{724AAEBF-5914-4FD8-90B6-BEA43C325EE1}.Debug|x64.ActiveCfg = Debug|Any CPU
		{724AAEBF-5914-4FD8-90B6-BEA43C325EE1}.Debug|x86.ActiveCfg = Debug|x86
		{724AAEBF-5914-4FD8-90B6-BEA43C325EE1}.Debug|x86.Build.0 = Debug|x86
		{724AAEBF-5914-4FD8-90B6-BEA43C325EE1}.Release|Any CPU.ActiveCfg = Release|Any CPU
		{724AAEBF-5914-4FD8-90B6-BEA43C325EE1}.Release|Any CPU.Build.0 = Release|Any CPU
		{724AAEBF-5914-4FD8-90B6-BEA43C325EE1}.Release|Mixed Platforms.ActiveCfg = Release|Any CPU
		{724AAEBF-5914-4FD8-90B6-BEA43C325EE1}.Release|Mixed Platforms.Build.0 = Release|Any CPU
		{724AAEBF-5914-4FD8-90B6-BEA43C325EE1}.Release|x64.ActiveCfg = Release|Any CPU
		{724AAEBF-5914-4FD8-90B6-BEA43C325EE1}.Release|x86.ActiveCfg = Release|x86
		{724AAEBF-5914-4FD8-90B6-BEA43C325EE1}.Release|x86.Build.0 = Release|x86
		{AC7D6638-DFBF-46BE-AF8C-A78CDD43361E}.Debug|Any CPU.ActiveCfg = Debug|Any CPU
		{AC7D6638-DFBF-46BE-AF8C-A78CDD43361E}.Debug|Any CPU.Build.0 = Debug|Any CPU
		{AC7D6638-DFBF-46BE-AF8C-A78CDD43361E}.Debug|Mixed Platforms.ActiveCfg = Debug|Any CPU
		{AC7D6638-DFBF-46BE-AF8C-A78CDD43361E}.Debug|Mixed Platforms.Build.0 = Debug|Any CPU
		{AC7D6638-DFBF-46BE-AF8C-A78CDD43361E}.Debug|x64.ActiveCfg = Debug|Any CPU
		{AC7D6638-DFBF-46BE-AF8C-A78CDD43361E}.Debug|x86.ActiveCfg = Debug|Any CPU
		{AC7D6638-DFBF-46BE-AF8C-A78CDD43361E}.Release|Any CPU.ActiveCfg = Release|Any CPU
		{AC7D6638-DFBF-46BE-AF8C-A78CDD43361E}.Release|Any CPU.Build.0 = Release|Any CPU
		{AC7D6638-DFBF-46BE-AF8C-A78CDD43361E}.Release|Mixed Platforms.ActiveCfg = Release|Any CPU
		{AC7D6638-DFBF-46BE-AF8C-A78CDD43361E}.Release|Mixed Platforms.Build.0 = Release|Any CPU
		{AC7D6638-DFBF-46BE-AF8C-A78CDD43361E}.Release|x64.ActiveCfg = Release|Any CPU
		{AC7D6638-DFBF-46BE-AF8C-A78CDD43361E}.Release|x86.ActiveCfg = Release|Any CPU
		{19D0D733-D967-4013-8642-5BAA91EEABF8}.Debug|Any CPU.ActiveCfg = Debug|Any CPU
		{19D0D733-D967-4013-8642-5BAA91EEABF8}.Debug|Any CPU.Build.0 = Debug|Any CPU
		{19D0D733-D967-4013-8642-5BAA91EEABF8}.Debug|Mixed Platforms.ActiveCfg = Debug|Any CPU
		{19D0D733-D967-4013-8642-5BAA91EEABF8}.Debug|Mixed Platforms.Build.0 = Debug|Any CPU
		{19D0D733-D967-4013-8642-5BAA91EEABF8}.Debug|x64.ActiveCfg = Debug|Any CPU
		{19D0D733-D967-4013-8642-5BAA91EEABF8}.Debug|x86.ActiveCfg = Debug|Any CPU
		{19D0D733-D967-4013-8642-5BAA91EEABF8}.Release|Any CPU.ActiveCfg = Release|Any CPU
		{19D0D733-D967-4013-8642-5BAA91EEABF8}.Release|Any CPU.Build.0 = Release|Any CPU
		{19D0D733-D967-4013-8642-5BAA91EEABF8}.Release|Mixed Platforms.ActiveCfg = Release|Any CPU
		{19D0D733-D967-4013-8642-5BAA91EEABF8}.Release|Mixed Platforms.Build.0 = Release|Any CPU
		{19D0D733-D967-4013-8642-5BAA91EEABF8}.Release|x64.ActiveCfg = Release|Any CPU
		{19D0D733-D967-4013-8642-5BAA91EEABF8}.Release|x86.ActiveCfg = Release|Any CPU
		{D84217F0-03D7-4ED7-BD18-88E97DC90B0F}.Debug|Any CPU.ActiveCfg = Debug|Any CPU
		{D84217F0-03D7-4ED7-BD18-88E97DC90B0F}.Debug|Any CPU.Build.0 = Debug|Any CPU
		{D84217F0-03D7-4ED7-BD18-88E97DC90B0F}.Debug|Mixed Platforms.ActiveCfg = Debug|Any CPU
		{D84217F0-03D7-4ED7-BD18-88E97DC90B0F}.Debug|Mixed Platforms.Build.0 = Debug|Any CPU
		{D84217F0-03D7-4ED7-BD18-88E97DC90B0F}.Debug|x64.ActiveCfg = Debug|Any CPU
		{D84217F0-03D7-4ED7-BD18-88E97DC90B0F}.Debug|x86.ActiveCfg = Debug|Any CPU
		{D84217F0-03D7-4ED7-BD18-88E97DC90B0F}.Release|Any CPU.ActiveCfg = Release|Any CPU
		{D84217F0-03D7-4ED7-BD18-88E97DC90B0F}.Release|Any CPU.Build.0 = Release|Any CPU
		{D84217F0-03D7-4ED7-BD18-88E97DC90B0F}.Release|Mixed Platforms.ActiveCfg = Release|Any CPU
		{D84217F0-03D7-4ED7-BD18-88E97DC90B0F}.Release|Mixed Platforms.Build.0 = Release|Any CPU
		{D84217F0-03D7-4ED7-BD18-88E97DC90B0F}.Release|x64.ActiveCfg = Release|Any CPU
		{D84217F0-03D7-4ED7-BD18-88E97DC90B0F}.Release|x86.ActiveCfg = Release|Any CPU
		{7AB498E6-B54C-4635-94BF-D3D3ABAF1761}.Debug|Any CPU.ActiveCfg = Debug|Any CPU
		{7AB498E6-B54C-4635-94BF-D3D3ABAF1761}.Debug|Any CPU.Build.0 = Debug|Any CPU
		{7AB498E6-B54C-4635-94BF-D3D3ABAF1761}.Debug|Mixed Platforms.ActiveCfg = Debug|Any CPU
		{7AB498E6-B54C-4635-94BF-D3D3ABAF1761}.Debug|Mixed Platforms.Build.0 = Debug|Any CPU
		{7AB498E6-B54C-4635-94BF-D3D3ABAF1761}.Debug|x64.ActiveCfg = Debug|Any CPU
		{7AB498E6-B54C-4635-94BF-D3D3ABAF1761}.Debug|x86.ActiveCfg = Debug|Any CPU
		{7AB498E6-B54C-4635-94BF-D3D3ABAF1761}.Release|Any CPU.ActiveCfg = Release|Any CPU
		{7AB498E6-B54C-4635-94BF-D3D3ABAF1761}.Release|Any CPU.Build.0 = Release|Any CPU
		{7AB498E6-B54C-4635-94BF-D3D3ABAF1761}.Release|Mixed Platforms.ActiveCfg = Release|Any CPU
		{7AB498E6-B54C-4635-94BF-D3D3ABAF1761}.Release|Mixed Platforms.Build.0 = Release|Any CPU
		{7AB498E6-B54C-4635-94BF-D3D3ABAF1761}.Release|x64.ActiveCfg = Release|Any CPU
		{7AB498E6-B54C-4635-94BF-D3D3ABAF1761}.Release|x86.ActiveCfg = Release|Any CPU
		{92740A39-2507-48C3-B8D7-8E570BFCEA19}.Debug|Any CPU.ActiveCfg = Debug|Any CPU
		{92740A39-2507-48C3-B8D7-8E570BFCEA19}.Debug|Any CPU.Build.0 = Debug|Any CPU
		{92740A39-2507-48C3-B8D7-8E570BFCEA19}.Debug|Mixed Platforms.ActiveCfg = Debug|Any CPU
		{92740A39-2507-48C3-B8D7-8E570BFCEA19}.Debug|Mixed Platforms.Build.0 = Debug|Any CPU
		{92740A39-2507-48C3-B8D7-8E570BFCEA19}.Debug|x64.ActiveCfg = Debug|Any CPU
		{92740A39-2507-48C3-B8D7-8E570BFCEA19}.Debug|x86.ActiveCfg = Debug|Any CPU
		{92740A39-2507-48C3-B8D7-8E570BFCEA19}.Release|Any CPU.ActiveCfg = Release|Any CPU
		{92740A39-2507-48C3-B8D7-8E570BFCEA19}.Release|Any CPU.Build.0 = Release|Any CPU
		{92740A39-2507-48C3-B8D7-8E570BFCEA19}.Release|Mixed Platforms.ActiveCfg = Release|Any CPU
		{92740A39-2507-48C3-B8D7-8E570BFCEA19}.Release|Mixed Platforms.Build.0 = Release|Any CPU
		{92740A39-2507-48C3-B8D7-8E570BFCEA19}.Release|x64.ActiveCfg = Release|Any CPU
		{92740A39-2507-48C3-B8D7-8E570BFCEA19}.Release|x86.ActiveCfg = Release|Any CPU
		{B566F937-2EAF-48ED-A0C8-0A4DD2D712F6}.Debug|Any CPU.ActiveCfg = Debug|Any CPU
		{B566F937-2EAF-48ED-A0C8-0A4DD2D712F6}.Debug|Any CPU.Build.0 = Debug|Any CPU
		{B566F937-2EAF-48ED-A0C8-0A4DD2D712F6}.Debug|Mixed Platforms.ActiveCfg = Debug|Any CPU
		{B566F937-2EAF-48ED-A0C8-0A4DD2D712F6}.Debug|Mixed Platforms.Build.0 = Debug|Any CPU
		{B566F937-2EAF-48ED-A0C8-0A4DD2D712F6}.Debug|x64.ActiveCfg = Debug|Any CPU
		{B566F937-2EAF-48ED-A0C8-0A4DD2D712F6}.Debug|x86.ActiveCfg = Debug|Any CPU
		{B566F937-2EAF-48ED-A0C8-0A4DD2D712F6}.Release|Any CPU.ActiveCfg = Release|Any CPU
		{B566F937-2EAF-48ED-A0C8-0A4DD2D712F6}.Release|Any CPU.Build.0 = Release|Any CPU
		{B566F937-2EAF-48ED-A0C8-0A4DD2D712F6}.Release|Mixed Platforms.ActiveCfg = Release|Any CPU
		{B566F937-2EAF-48ED-A0C8-0A4DD2D712F6}.Release|Mixed Platforms.Build.0 = Release|Any CPU
		{B566F937-2EAF-48ED-A0C8-0A4DD2D712F6}.Release|x64.ActiveCfg = Release|Any CPU
		{B566F937-2EAF-48ED-A0C8-0A4DD2D712F6}.Release|x86.ActiveCfg = Release|Any CPU
	EndGlobalSection
	GlobalSection(SolutionProperties) = preSolution
		HideSolutionNode = FALSE
	EndGlobalSection
	GlobalSection(NestedProjects) = preSolution
		{5D65020C-C2D7-4AC3-B557-223FC290E526} = {637076C8-A909-4332-9F67-60B80E6F4F6B}
		{51863CF3-A3E9-4E41-8924-C69704796FB9} = {637076C8-A909-4332-9F67-60B80E6F4F6B}
		{806A1F2F-07C1-43D2-AF67-59ACCF4B5754} = {637076C8-A909-4332-9F67-60B80E6F4F6B}
		{BC01C1BD-2A93-4002-B74F-7BCF9793309D} = {637076C8-A909-4332-9F67-60B80E6F4F6B}
		{3AAF43D5-55D8-4A0B-9FD3-E8841008E13E} = {637076C8-A909-4332-9F67-60B80E6F4F6B}
		{A883608A-3D41-4339-9C2F-FEEA18BEFB68} = {637076C8-A909-4332-9F67-60B80E6F4F6B}
		{052CF005-D448-4768-A25A-48FF53644469} = {637076C8-A909-4332-9F67-60B80E6F4F6B}
		{053CFFD3-17B1-4A95-AF8C-FF4B6DE08809} = {637076C8-A909-4332-9F67-60B80E6F4F6B}
		{BD816D19-6903-4603-8A75-A14C099D4EB2} = {637076C8-A909-4332-9F67-60B80E6F4F6B}
		{0E1F721F-3002-4FAB-9300-3DB5B11A4002} = {637076C8-A909-4332-9F67-60B80E6F4F6B}
		{A139D1D6-0C60-4DA2-B073-E73E2F2893D8} = {637076C8-A909-4332-9F67-60B80E6F4F6B}
		{9020DEA1-7692-4CC7-9BE8-A1CF129CD1C2} = {637076C8-A909-4332-9F67-60B80E6F4F6B}
		{64905D6A-E7B9-4798-AD76-2A0BC58A9AF6} = {637076C8-A909-4332-9F67-60B80E6F4F6B}
		{6471EE6C-C00C-4DB6-881C-BFCA99ABA928} = {637076C8-A909-4332-9F67-60B80E6F4F6B}
		{2F6892A0-72D7-45F6-B429-61DBAD015128} = {637076C8-A909-4332-9F67-60B80E6F4F6B}
		{5C8B7B65-9387-4E7E-9B61-E8B46380DB96} = {637076C8-A909-4332-9F67-60B80E6F4F6B}
		{8AA7EEC3-99C7-4C1A-B3D1-A3475D8B717C} = {637076C8-A909-4332-9F67-60B80E6F4F6B}
		{58927DCC-EF37-4214-82CB-3832C9CC5F1C} = {637076C8-A909-4332-9F67-60B80E6F4F6B}
		{A8E99681-BCE1-4FA3-B4BF-3F23F22F6DD1} = {637076C8-A909-4332-9F67-60B80E6F4F6B}
		{D5CD0A16-00AA-4AFB-9399-41E553C62F05} = {637076C8-A909-4332-9F67-60B80E6F4F6B}
		{06E56AB8-147B-472E-ACDD-F12CEA51024F} = {637076C8-A909-4332-9F67-60B80E6F4F6B}
		{E6520413-E231-4EFD-BB35-DB6E8715A33E} = {637076C8-A909-4332-9F67-60B80E6F4F6B}
		{D44DD32E-4501-4150-A25A-B48F1788C880} = {637076C8-A909-4332-9F67-60B80E6F4F6B}
		{AC7D6638-DFBF-46BE-AF8C-A78CDD43361E} = {637076C8-A909-4332-9F67-60B80E6F4F6B}
		{3B617EBF-0488-46BD-AB56-094F81D0E4C3} = {637076C8-A909-4332-9F67-60B80E6F4F6B}
		{D205362A-E6D6-4904-B146-8427E2BFD146} = {7BD7FDBF-5C8D-445B-AF57-58CBCB108C0E}
		{24D4D868-1885-4710-A105-9095FE79A2FB} = {7BD7FDBF-5C8D-445B-AF57-58CBCB108C0E}
		{BD38761F-269A-428A-A15E-9D40B387F992} = {D5CD0A16-00AA-4AFB-9399-41E553C62F05}
		{724AAEBF-5914-4FD8-90B6-BEA43C325EE1} = {E6520413-E231-4EFD-BB35-DB6E8715A33E}
		{EB571843-CD74-4090-9F7E-A91DD74F4908} = {114D9409-3FF2-4BB9-A21C-83848065E2CA}
		{9F69CE76-69FE-4087-99B8-D25AE9C11B9D} = {114D9409-3FF2-4BB9-A21C-83848065E2CA}
		{29759858-5822-43A8-A2F6-63B1D1683762} = {114D9409-3FF2-4BB9-A21C-83848065E2CA}
		{7DA2188A-D5A9-493E-A717-175C73C81207} = {114D9409-3FF2-4BB9-A21C-83848065E2CA}
		{9CAD51FE-6834-4380-AF6B-02A4649AF949} = {114D9409-3FF2-4BB9-A21C-83848065E2CA}
		{D84217F0-03D7-4ED7-BD18-88E97DC90B0F} = {114D9409-3FF2-4BB9-A21C-83848065E2CA}
		{7AB498E6-B54C-4635-94BF-D3D3ABAF1761} = {114D9409-3FF2-4BB9-A21C-83848065E2CA}
		{19D0D733-D967-4013-8642-5BAA91EEABF8} = {29759858-5822-43A8-A2F6-63B1D1683762}
		{92740A39-2507-48C3-B8D7-8E570BFCEA19} = {986B8F79-2182-4224-BD83-08851816AC8D}
	EndGlobalSection
EndGlobal
